// !$*UTF8*$!
{
	archiveVersion = 1;
	classes = {
	};
	objectVersion = 46;
	objects = {

/* Begin PBXBuildFile section */
		DD6261E91B03F5E4005C1212 /* Distance.m in Sources */ = {isa = PBXBuildFile; fileRef = DD6261E81B03F5E4005C1212 /* Distance.m */; };
		DDAC823D1B03F1D900543443 /* Value.m in Sources */ = {isa = PBXBuildFile; fileRef = DDAC823C1B03F1D900543443 /* Value.m */; };
		DDAC82401B03F2A100543443 /* ConversionTool.m in Sources */ = {isa = PBXBuildFile; fileRef = DDAC823F1B03F2A100543443 /* ConversionTool.m */; };
		DDBD561A1B25F95100183B25 /* HomeViewController.m in Sources */ = {isa = PBXBuildFile; fileRef = DDBD56191B25F95100183B25 /* HomeViewController.m */; };
		DDBD561D1B25FE5100183B25 /* Unit.m in Sources */ = {isa = PBXBuildFile; fileRef = DDBD561C1B25FE5100183B25 /* Unit.m */; };
		DDC6C71B1B02972D002C5EF1 /* main.m in Sources */ = {isa = PBXBuildFile; fileRef = DDC6C71A1B02972D002C5EF1 /* main.m */; };
		DDC6C71E1B02972D002C5EF1 /* AppDelegate.m in Sources */ = {isa = PBXBuildFile; fileRef = DDC6C71D1B02972D002C5EF1 /* AppDelegate.m */; };
		DDC6C7211B02972D002C5EF1 /* ViewController.m in Sources */ = {isa = PBXBuildFile; fileRef = DDC6C7201B02972D002C5EF1 /* ViewController.m */; };
		DDC6C7241B02972D002C5EF1 /* Main.storyboard in Resources */ = {isa = PBXBuildFile; fileRef = DDC6C7221B02972D002C5EF1 /* Main.storyboard */; };
		DDC6C7261B02972D002C5EF1 /* Images.xcassets in Resources */ = {isa = PBXBuildFile; fileRef = DDC6C7251B02972D002C5EF1 /* Images.xcassets */; };
		DDC6C7291B02972D002C5EF1 /* LaunchScreen.xib in Resources */ = {isa = PBXBuildFile; fileRef = DDC6C7271B02972D002C5EF1 /* LaunchScreen.xib */; };
		DDC6C7351B02972D002C5EF1 /* ConvertTests.m in Sources */ = {isa = PBXBuildFile; fileRef = DDC6C7341B02972D002C5EF1 /* ConvertTests.m */; };
		DDC6C7401B029945002C5EF1 /* ConvertedValuesTableViewController.m in Sources */ = {isa = PBXBuildFile; fileRef = DDC6C73F1B029945002C5EF1 /* ConvertedValuesTableViewController.m */; };
/* End PBXBuildFile section */

/* Begin PBXContainerItemProxy section */
		DDC6C72F1B02972D002C5EF1 /* PBXContainerItemProxy */ = {
			isa = PBXContainerItemProxy;
			containerPortal = DDC6C70D1B02972D002C5EF1 /* Project object */;
			proxyType = 1;
			remoteGlobalIDString = DDC6C7141B02972D002C5EF1;
			remoteInfo = Convert;
		};
/* End PBXContainerItemProxy section */

/* Begin PBXFileReference section */
		DD6261E71B03F5E4005C1212 /* Distance.h */ = {isa = PBXFileReference; fileEncoding = 4; lastKnownFileType = sourcecode.c.h; path = Distance.h; sourceTree = "<group>"; };
		DD6261E81B03F5E4005C1212 /* Distance.m */ = {isa = PBXFileReference; fileEncoding = 4; lastKnownFileType = sourcecode.c.objc; path = Distance.m; sourceTree = "<group>"; };
		DDAC823B1B03F1D900543443 /* Value.h */ = {isa = PBXFileReference; fileEncoding = 4; lastKnownFileType = sourcecode.c.h; path = Value.h; sourceTree = "<group>"; };
		DDAC823C1B03F1D900543443 /* Value.m */ = {isa = PBXFileReference; fileEncoding = 4; lastKnownFileType = sourcecode.c.objc; path = Value.m; sourceTree = "<group>"; };
		DDAC823E1B03F2A100543443 /* ConversionTool.h */ = {isa = PBXFileReference; fileEncoding = 4; lastKnownFileType = sourcecode.c.h; path = ConversionTool.h; sourceTree = "<group>"; };
		DDAC823F1B03F2A100543443 /* ConversionTool.m */ = {isa = PBXFileReference; fileEncoding = 4; lastKnownFileType = sourcecode.c.objc; path = ConversionTool.m; sourceTree = "<group>"; };
		DDBD56181B25F95100183B25 /* HomeViewController.h */ = {isa = PBXFileReference; fileEncoding = 4; lastKnownFileType = sourcecode.c.h; path = HomeViewController.h; sourceTree = "<group>"; };
		DDBD56191B25F95100183B25 /* HomeViewController.m */ = {isa = PBXFileReference; fileEncoding = 4; lastKnownFileType = sourcecode.c.objc; path = HomeViewController.m; sourceTree = "<group>"; };
		DDBD561B1B25FE5100183B25 /* Unit.h */ = {isa = PBXFileReference; fileEncoding = 4; lastKnownFileType = sourcecode.c.h; path = Unit.h; sourceTree = "<group>"; };
		DDBD561C1B25FE5100183B25 /* Unit.m */ = {isa = PBXFileReference; fileEncoding = 4; lastKnownFileType = sourcecode.c.objc; path = Unit.m; sourceTree = "<group>"; };
		DDC6C7151B02972D002C5EF1 /* Convert.app */ = {isa = PBXFileReference; explicitFileType = wrapper.application; includeInIndex = 0; path = Convert.app; sourceTree = BUILT_PRODUCTS_DIR; };
		DDC6C7191B02972D002C5EF1 /* Info.plist */ = {isa = PBXFileReference; lastKnownFileType = text.plist.xml; path = Info.plist; sourceTree = "<group>"; };
		DDC6C71A1B02972D002C5EF1 /* main.m */ = {isa = PBXFileReference; lastKnownFileType = sourcecode.c.objc; path = main.m; sourceTree = "<group>"; };
		DDC6C71C1B02972D002C5EF1 /* AppDelegate.h */ = {isa = PBXFileReference; lastKnownFileType = sourcecode.c.h; path = AppDelegate.h; sourceTree = "<group>"; };
		DDC6C71D1B02972D002C5EF1 /* AppDelegate.m */ = {isa = PBXFileReference; lastKnownFileType = sourcecode.c.objc; path = AppDelegate.m; sourceTree = "<group>"; };
		DDC6C71F1B02972D002C5EF1 /* ViewController.h */ = {isa = PBXFileReference; lastKnownFileType = sourcecode.c.h; path = ViewController.h; sourceTree = "<group>"; };
		DDC6C7201B02972D002C5EF1 /* ViewController.m */ = {isa = PBXFileReference; lastKnownFileType = sourcecode.c.objc; path = ViewController.m; sourceTree = "<group>"; };
		DDC6C7231B02972D002C5EF1 /* Base */ = {isa = PBXFileReference; lastKnownFileType = file.storyboard; name = Base; path = Base.lproj/Main.storyboard; sourceTree = "<group>"; };
		DDC6C7251B02972D002C5EF1 /* Images.xcassets */ = {isa = PBXFileReference; lastKnownFileType = folder.assetcatalog; path = Images.xcassets; sourceTree = "<group>"; };
		DDC6C7281B02972D002C5EF1 /* Base */ = {isa = PBXFileReference; lastKnownFileType = file.xib; name = Base; path = Base.lproj/LaunchScreen.xib; sourceTree = "<group>"; };
		DDC6C72E1B02972D002C5EF1 /* ConvertTests.xctest */ = {isa = PBXFileReference; explicitFileType = wrapper.cfbundle; includeInIndex = 0; path = ConvertTests.xctest; sourceTree = BUILT_PRODUCTS_DIR; };
		DDC6C7331B02972D002C5EF1 /* Info.plist */ = {isa = PBXFileReference; lastKnownFileType = text.plist.xml; path = Info.plist; sourceTree = "<group>"; };
		DDC6C7341B02972D002C5EF1 /* ConvertTests.m */ = {isa = PBXFileReference; lastKnownFileType = sourcecode.c.objc; path = ConvertTests.m; sourceTree = "<group>"; };
		DDC6C73E1B029945002C5EF1 /* ConvertedValuesTableViewController.h */ = {isa = PBXFileReference; fileEncoding = 4; lastKnownFileType = sourcecode.c.h; path = ConvertedValuesTableViewController.h; sourceTree = "<group>"; };
		DDC6C73F1B029945002C5EF1 /* ConvertedValuesTableViewController.m */ = {isa = PBXFileReference; fileEncoding = 4; lastKnownFileType = sourcecode.c.objc; path = ConvertedValuesTableViewController.m; sourceTree = "<group>"; };
/* End PBXFileReference section */

/* Begin PBXFrameworksBuildPhase section */
		DDC6C7121B02972D002C5EF1 /* Frameworks */ = {
			isa = PBXFrameworksBuildPhase;
			buildActionMask = 2147483647;
			files = (
			);
			runOnlyForDeploymentPostprocessing = 0;
		};
		DDC6C72B1B02972D002C5EF1 /* Frameworks */ = {
			isa = PBXFrameworksBuildPhase;
			buildActionMask = 2147483647;
			files = (
			);
			runOnlyForDeploymentPostprocessing = 0;
		};
/* End PBXFrameworksBuildPhase section */

/* Begin PBXGroup section */
		DDC6C70C1B02972D002C5EF1 = {
			isa = PBXGroup;
			children = (
				DDC6C7171B02972D002C5EF1 /* Convert */,
				DDC6C7311B02972D002C5EF1 /* ConvertTests */,
				DDC6C7161B02972D002C5EF1 /* Products */,
			);
			sourceTree = "<group>";
		};
		DDC6C7161B02972D002C5EF1 /* Products */ = {
			isa = PBXGroup;
			children = (
				DDC6C7151B02972D002C5EF1 /* Convert.app */,
				DDC6C72E1B02972D002C5EF1 /* ConvertTests.xctest */,
			);
			name = Products;
			sourceTree = "<group>";
		};
		DDC6C7171B02972D002C5EF1 /* Convert */ = {
			isa = PBXGroup;
			children = (
				DDC6C71C1B02972D002C5EF1 /* AppDelegate.h */,
				DDC6C71D1B02972D002C5EF1 /* AppDelegate.m */,
				DDC6C71F1B02972D002C5EF1 /* ViewController.h */,
				DDC6C7201B02972D002C5EF1 /* ViewController.m */,
				DDC6C7221B02972D002C5EF1 /* Main.storyboard */,
				DDBD56181B25F95100183B25 /* HomeViewController.h */,
				DDBD56191B25F95100183B25 /* HomeViewController.m */,
				DDC6C7251B02972D002C5EF1 /* Images.xcassets */,
				DDC6C7271B02972D002C5EF1 /* LaunchScreen.xib */,
				DDC6C7181B02972D002C5EF1 /* Supporting Files */,
				DDC6C73E1B029945002C5EF1 /* ConvertedValuesTableViewController.h */,
				DDC6C73F1B029945002C5EF1 /* ConvertedValuesTableViewController.m */,
				DDAC823B1B03F1D900543443 /* Value.h */,
				DDAC823C1B03F1D900543443 /* Value.m */,
				DDBD561B1B25FE5100183B25 /* Unit.h */,
				DDBD561C1B25FE5100183B25 /* Unit.m */,
				DDAC823E1B03F2A100543443 /* ConversionTool.h */,
				DDAC823F1B03F2A100543443 /* ConversionTool.m */,
				DD6261E71B03F5E4005C1212 /* Distance.h */,
				DD6261E81B03F5E4005C1212 /* Distance.m */,
			);
			path = Convert;
			sourceTree = "<group>";
		};
		DDC6C7181B02972D002C5EF1 /* Supporting Files */ = {
			isa = PBXGroup;
			children = (
				DDC6C7191B02972D002C5EF1 /* Info.plist */,
				DDC6C71A1B02972D002C5EF1 /* main.m */,
			);
			name = "Supporting Files";
			sourceTree = "<group>";
		};
		DDC6C7311B02972D002C5EF1 /* ConvertTests */ = {
			isa = PBXGroup;
			children = (
				DDC6C7341B02972D002C5EF1 /* ConvertTests.m */,
				DDC6C7321B02972D002C5EF1 /* Supporting Files */,
			);
			path = ConvertTests;
			sourceTree = "<group>";
		};
		DDC6C7321B02972D002C5EF1 /* Supporting Files */ = {
			isa = PBXGroup;
			children = (
				DDC6C7331B02972D002C5EF1 /* Info.plist */,
			);
			name = "Supporting Files";
			sourceTree = "<group>";
		};
/* End PBXGroup section */

/* Begin PBXNativeTarget section */
		DDC6C7141B02972D002C5EF1 /* Convert */ = {
			isa = PBXNativeTarget;
			buildConfigurationList = DDC6C7381B02972D002C5EF1 /* Build configuration list for PBXNativeTarget "Convert" */;
			buildPhases = (
				DDC6C7111B02972D002C5EF1 /* Sources */,
				DDC6C7121B02972D002C5EF1 /* Frameworks */,
				DDC6C7131B02972D002C5EF1 /* Resources */,
			);
			buildRules = (
			);
			dependencies = (
			);
			name = Convert;
			productName = Convert;
			productReference = DDC6C7151B02972D002C5EF1 /* Convert.app */;
			productType = "com.apple.product-type.application";
		};
		DDC6C72D1B02972D002C5EF1 /* ConvertTests */ = {
			isa = PBXNativeTarget;
			buildConfigurationList = DDC6C73B1B02972D002C5EF1 /* Build configuration list for PBXNativeTarget "ConvertTests" */;
			buildPhases = (
				DDC6C72A1B02972D002C5EF1 /* Sources */,
				DDC6C72B1B02972D002C5EF1 /* Frameworks */,
				DDC6C72C1B02972D002C5EF1 /* Resources */,
			);
			buildRules = (
			);
			dependencies = (
				DDC6C7301B02972D002C5EF1 /* PBXTargetDependency */,
			);
			name = ConvertTests;
			productName = ConvertTests;
			productReference = DDC6C72E1B02972D002C5EF1 /* ConvertTests.xctest */;
			productType = "com.apple.product-type.bundle.unit-test";
		};
/* End PBXNativeTarget section */

/* Begin PBXProject section */
		DDC6C70D1B02972D002C5EF1 /* Project object */ = {
			isa = PBXProject;
			attributes = {
				LastUpgradeCheck = 0630;
				ORGANIZATIONNAME = "Tom Pullen";
				TargetAttributes = {
					DDC6C7141B02972D002C5EF1 = {
						CreatedOnToolsVersion = 6.3.1;
					};
					DDC6C72D1B02972D002C5EF1 = {
						CreatedOnToolsVersion = 6.3.1;
						TestTargetID = DDC6C7141B02972D002C5EF1;
					};
				};
			};
			buildConfigurationList = DDC6C7101B02972D002C5EF1 /* Build configuration list for PBXProject "Convert" */;
			compatibilityVersion = "Xcode 3.2";
			developmentRegion = English;
			hasScannedForEncodings = 0;
			knownRegions = (
				en,
				Base,
			);
			mainGroup = DDC6C70C1B02972D002C5EF1;
			productRefGroup = DDC6C7161B02972D002C5EF1 /* Products */;
			projectDirPath = "";
			projectRoot = "";
			targets = (
				DDC6C7141B02972D002C5EF1 /* Convert */,
				DDC6C72D1B02972D002C5EF1 /* ConvertTests */,
			);
		};
/* End PBXProject section */

/* Begin PBXResourcesBuildPhase section */
		DDC6C7131B02972D002C5EF1 /* Resources */ = {
			isa = PBXResourcesBuildPhase;
			buildActionMask = 2147483647;
			files = (
				DDC6C7241B02972D002C5EF1 /* Main.storyboard in Resources */,
				DDC6C7291B02972D002C5EF1 /* LaunchScreen.xib in Resources */,
				DDC6C7261B02972D002C5EF1 /* Images.xcassets in Resources */,
			);
			runOnlyForDeploymentPostprocessing = 0;
		};
		DDC6C72C1B02972D002C5EF1 /* Resources */ = {
			isa = PBXResourcesBuildPhase;
			buildActionMask = 2147483647;
			files = (
			);
			runOnlyForDeploymentPostprocessing = 0;
		};
/* End PBXResourcesBuildPhase section */

/* Begin PBXSourcesBuildPhase section */
		DDC6C7111B02972D002C5EF1 /* Sources */ = {
			isa = PBXSourcesBuildPhase;
			buildActionMask = 2147483647;
			files = (
				DDBD561D1B25FE5100183B25 /* Unit.m in Sources */,
				DDC6C7401B029945002C5EF1 /* ConvertedValuesTableViewController.m in Sources */,
				DD6261E91B03F5E4005C1212 /* Distance.m in Sources */,
				DDC6C7211B02972D002C5EF1 /* ViewController.m in Sources */,
				DDC6C71E1B02972D002C5EF1 /* AppDelegate.m in Sources */,
				DDAC82401B03F2A100543443 /* ConversionTool.m in Sources */,
				DDAC823D1B03F1D900543443 /* Value.m in Sources */,
				DDC6C71B1B02972D002C5EF1 /* main.m in Sources */,
				DDBD561A1B25F95100183B25 /* HomeViewController.m in Sources */,
			);
			runOnlyForDeploymentPostprocessing = 0;
		};
		DDC6C72A1B02972D002C5EF1 /* Sources */ = {
			isa = PBXSourcesBuildPhase;
			buildActionMask = 2147483647;
			files = (
				DDC6C7351B02972D002C5EF1 /* ConvertTests.m in Sources */,
			);
			runOnlyForDeploymentPostprocessing = 0;
		};
/* End PBXSourcesBuildPhase section */

/* Begin PBXTargetDependency section */
		DDC6C7301B02972D002C5EF1 /* PBXTargetDependency */ = {
			isa = PBXTargetDependency;
			target = DDC6C7141B02972D002C5EF1 /* Convert */;
			targetProxy = DDC6C72F1B02972D002C5EF1 /* PBXContainerItemProxy */;
		};
/* End PBXTargetDependency section */

/* Begin PBXVariantGroup section */
		DDC6C7221B02972D002C5EF1 /* Main.storyboard */ = {
			isa = PBXVariantGroup;
			children = (
				DDC6C7231B02972D002C5EF1 /* Base */,
			);
			name = Main.storyboard;
			sourceTree = "<group>";
		};
		DDC6C7271B02972D002C5EF1 /* LaunchScreen.xib */ = {
			isa = PBXVariantGroup;
			children = (
				DDC6C7281B02972D002C5EF1 /* Base */,
			);
			name = LaunchScreen.xib;
			sourceTree = "<group>";
		};
/* End PBXVariantGroup section */

/* Begin XCBuildConfiguration section */
		DDC6C7361B02972D002C5EF1 /* Debug */ = {
			isa = XCBuildConfiguration;
			buildSettings = {
				ALWAYS_SEARCH_USER_PATHS = NO;
				CLANG_CXX_LANGUAGE_STANDARD = "gnu++0x";
				CLANG_CXX_LIBRARY = "libc++";
				CLANG_ENABLE_MODULES = YES;
				CLANG_ENABLE_OBJC_ARC = YES;
				CLANG_WARN_BOOL_CONVERSION = YES;
				CLANG_WARN_CONSTANT_CONVERSION = YES;
				CLANG_WARN_DIRECT_OBJC_ISA_USAGE = YES_ERROR;
				CLANG_WARN_EMPTY_BODY = YES;
				CLANG_WARN_ENUM_CONVERSION = YES;
				CLANG_WARN_INT_CONVERSION = YES;
				CLANG_WARN_OBJC_ROOT_CLASS = YES_ERROR;
				CLANG_WARN_UNREACHABLE_CODE = YES;
				CLANG_WARN__DUPLICATE_METHOD_MATCH = YES;
				"CODE_SIGN_IDENTITY[sdk=iphoneos*]" = "iPhone Developer";
				COPY_PHASE_STRIP = NO;
				DEBUG_INFORMATION_FORMAT = "dwarf-with-dsym";
				ENABLE_STRICT_OBJC_MSGSEND = YES;
				GCC_C_LANGUAGE_STANDARD = gnu99;
				GCC_DYNAMIC_NO_PIC = NO;
				GCC_NO_COMMON_BLOCKS = YES;
				GCC_OPTIMIZATION_LEVEL = 0;
				GCC_PREPROCESSOR_DEFINITIONS = (
					"DEBUG=1",
					"$(inherited)",
				);
				GCC_SYMBOLS_PRIVATE_EXTERN = NO;
				GCC_WARN_64_TO_32_BIT_CONVERSION = YES;
				GCC_WARN_ABOUT_RETURN_TYPE = YES_ERROR;
				GCC_WARN_UNDECLARED_SELECTOR = YES;
				GCC_WARN_UNINITIALIZED_AUTOS = YES_AGGRESSIVE;
				GCC_WARN_UNUSED_FUNCTION = YES;
				GCC_WARN_UNUSED_VARIABLE = YES;
				IPHONEOS_DEPLOYMENT_TARGET = 8.3;
				MTL_ENABLE_DEBUG_INFO = YES;
				ONLY_ACTIVE_ARCH = YES;
				SDKROOT = iphoneos;
			};
			name = Debug;
		};
		DDC6C7371B02972D002C5EF1 /* Release */ = {
			isa = XCBuildConfiguration;
			buildSettings = {
				ALWAYS_SEARCH_USER_PATHS = NO;
				CLANG_CXX_LANGUAGE_STANDARD = "gnu++0x";
				CLANG_CXX_LIBRARY = "libc++";
				CLANG_ENABLE_MODULES = YES;
				CLANG_ENABLE_OBJC_ARC = YES;
				CLANG_WARN_BOOL_CONVERSION = YES;
				CLANG_WARN_CONSTANT_CONVERSION = YES;
				CLANG_WARN_DIRECT_OBJC_ISA_USAGE = YES_ERROR;
				CLANG_WARN_EMPTY_BODY = YES;
				CLANG_WARN_ENUM_CONVERSION = YES;
				CLANG_WARN_INT_CONVERSION = YES;
				CLANG_WARN_OBJC_ROOT_CLASS = YES_ERROR;
				CLANG_WARN_UNREACHABLE_CODE = YES;
				CLANG_WARN__DUPLICATE_METHOD_MATCH = YES;
				"CODE_SIGN_IDENTITY[sdk=iphoneos*]" = "iPhone Developer";
				COPY_PHASE_STRIP = NO;
				DEBUG_INFORMATION_FORMAT = "dwarf-with-dsym";
				ENABLE_NS_ASSERTIONS = NO;
				ENABLE_STRICT_OBJC_MSGSEND = YES;
				GCC_C_LANGUAGE_STANDARD = gnu99;
				GCC_NO_COMMON_BLOCKS = YES;
				GCC_WARN_64_TO_32_BIT_CONVERSION = YES;
				GCC_WARN_ABOUT_RETURN_TYPE = YES_ERROR;
				GCC_WARN_UNDECLARED_SELECTOR = YES;
				GCC_WARN_UNINITIALIZED_AUTOS = YES_AGGRESSIVE;
				GCC_WARN_UNUSED_FUNCTION = YES;
				GCC_WARN_UNUSED_VARIABLE = YES;
				IPHONEOS_DEPLOYMENT_TARGET = 8.3;
				MTL_ENABLE_DEBUG_INFO = NO;
				SDKROOT = iphoneos;
				VALIDATE_PRODUCT = YES;
			};
			name = Release;
		};
		DDC6C7391B02972D002C5EF1 /* Debug */ = {
			isa = XCBuildConfiguration;
			buildSettings = {
				ASSETCATALOG_COMPILER_APPICON_NAME = AppIcon;
				INFOPLIST_FILE = Convert/Info.plist;
				LD_RUNPATH_SEARCH_PATHS = "$(inherited) @executable_path/Frameworks";
				PRODUCT_NAME = "$(TARGET_NAME)";
			};
			name = Debug;
		};
		DDC6C73A1B02972D002C5EF1 /* Release */ = {
			isa = XCBuildConfiguration;
			buildSettings = {
				ASSETCATALOG_COMPILER_APPICON_NAME = AppIcon;
				INFOPLIST_FILE = Convert/Info.plist;
				LD_RUNPATH_SEARCH_PATHS = "$(inherited) @executable_path/Frameworks";
				PRODUCT_NAME = "$(TARGET_NAME)";
			};
			name = Release;
		};
		DDC6C73C1B02972D002C5EF1 /* Debug */ = {
			isa = XCBuildConfiguration;
			buildSettings = {
				BUNDLE_LOADER = "$(TEST_HOST)";
				FRAMEWORK_SEARCH_PATHS = (
					"$(SDKROOT)/Developer/Library/Frameworks",
					"$(inherited)",
				);
				GCC_PREPROCESSOR_DEFINITIONS = (
					"DEBUG=1",
					"$(inherited)",
				);
				INFOPLIST_FILE = ConvertTests/Info.plist;
				LD_RUNPATH_SEARCH_PATHS = "$(inherited) @executable_path/Frameworks @loader_path/Frameworks";
				PRODUCT_NAME = "$(TARGET_NAME)";
				TEST_HOST = "$(BUILT_PRODUCTS_DIR)/Convert.app/Convert";
			};
			name = Debug;
		};
		DDC6C73D1B02972D002C5EF1 /* Release */ = {
			isa = XCBuildConfiguration;
			buildSettings = {
				BUNDLE_LOADER = "$(TEST_HOST)";
				FRAMEWORK_SEARCH_PATHS = (
					"$(SDKROOT)/Developer/Library/Frameworks",
					"$(inherited)",
				);
				INFOPLIST_FILE = ConvertTests/Info.plist;
				LD_RUNPATH_SEARCH_PATHS = "$(inherited) @executable_path/Frameworks @loader_path/Frameworks";
				PRODUCT_NAME = "$(TARGET_NAME)";
				TEST_HOST = "$(BUILT_PRODUCTS_DIR)/Convert.app/Convert";
			};
			name = Release;
		};
/* End XCBuildConfiguration section */

/* Begin XCConfigurationList section */
		DDC6C7101B02972D002C5EF1 /* Build configuration list for PBXProject "Convert" */ = {
			isa = XCConfigurationList;
			buildConfigurations = (
				DDC6C7361B02972D002C5EF1 /* Debug */,
				DDC6C7371B02972D002C5EF1 /* Release */,
			);
			defaultConfigurationIsVisible = 0;
			defaultConfigurationName = Release;
		};
		DDC6C7381B02972D002C5EF1 /* Build configuration list for PBXNativeTarget "Convert" */ = {
			isa = XCConfigurationList;
			buildConfigurations = (
				DDC6C7391B02972D002C5EF1 /* Debug */,
				DDC6C73A1B02972D002C5EF1 /* Release */,
			);
			defaultConfigurationIsVisible = 0;
			defaultConfigurationName = Release;
		};
		DDC6C73B1B02972D002C5EF1 /* Build configuration list for PBXNativeTarget "ConvertTests" */ = {
			isa = XCConfigurationList;
			buildConfigurations = (
				DDC6C73C1B02972D002C5EF1 /* Debug */,
				DDC6C73D1B02972D002C5EF1 /* Release */,
			);
			defaultConfigurationIsVisible = 0;
			defaultConfigurationName = Release;
		};
/* End XCConfigurationList section */
	};
	rootObject = DDC6C70D1B02972D002C5EF1 /* Project object */;
}
